
Microsoft Visual Studio Solution File, Format Version 12.00
# Visual Studio Version 17
VisualStudioVersion = 17.11.35431.28
MinimumVisualStudioVersion = 10.0.40219.1
Project("{888888A0-9F3D-457C-B088-3A5042F75D52}") = "YukesEssentials", "YukesEssentials.pyproj", "{76236006-E92A-46D2-BC3A-BC71B1A3523C}"
EndProject
Global
	GlobalSection(SolutionConfigurationPlatforms) = preSolution
		Debug|Any CPU = Debug|Any CPU
		Release|Any CPU = Release|Any CPU
	EndGlobalSection
	GlobalSection(ProjectConfigurationPlatforms) = postSolution
		{76236006-E92A-46D2-BC3A-BC71B1A3523C}.Debug|Any CPU.ActiveCfg = Debug|Any CPU
		{76236006-E92A-46D2-BC3A-BC71B1A3523C}.Release|Any CPU.ActiveCfg = Release|Any CPU
	EndGlobalSection
	GlobalSection(SolutionProperties) = preSolution
		HideSolutionNode = FALSE
	EndGlobalSection
	GlobalSection(ExtensibilityGlobals) = postSolution
		SolutionGuid = {284D01D4-40FD-480D-BD2B-AF486716A334}
	EndGlobalSection
EndGlobal
